
Microsoft Visual Studio Solution File, Format Version 11.00
# Visual Studio 2010
Project("{FAE04EC0-301F-11D3-BF4B-00C04F79EFBC}") = "Threading", "Threading\Threading.csproj", "{24705ADC-E9BC-4A5E-8DBC-FCD4FD7ACBA7}"
EndProject
Global
	GlobalSection(SolutionConfigurationPlatforms) = preSolution
		Debug|Any CPU = Debug|Any CPU
		Release|Any CPU = Release|Any CPU
	EndGlobalSection
	GlobalSection(ProjectConfigurationPlatforms) = postSolution
		{24705ADC-E9BC-4A5E-8DBC-FCD4FD7ACBA7}.Debug|Any CPU.ActiveCfg = Debug|Any CPU
		{24705ADC-E9BC-4A5E-8DBC-FCD4FD7ACBA7}.Debug|Any CPU.Build.0 = Debug|Any CPU
		{24705ADC-E9BC-4A5E-8DBC-FCD4FD7ACBA7}.Release|Any CPU.ActiveCfg = Release|Any CPU
		{24705ADC-E9BC-4A5E-8DBC-FCD4FD7ACBA7}.Release|Any CPU.Build.0 = Release|Any CPU
	EndGlobalSection
	GlobalSection(SolutionProperties) = preSolution
		HideSolutionNode = FALSE
	EndGlobalSection
EndGlobal
