
Microsoft Visual Studio Solution File, Format Version 11.00
# Visual C# Express 2010
Project("{FAE04EC0-301F-11D3-BF4B-00C04F79EFBC}") = "MethodOverloadError", "MethodOverloadError\MethodOverloadError.csproj", "{FCBFA88C-3CB1-4662-B3F2-4288A6BDC5DD}"
EndProject
Global
	GlobalSection(SolutionConfigurationPlatforms) = preSolution
		Debug|Any CPU = Debug|Any CPU
		Release|Any CPU = Release|Any CPU
	EndGlobalSection
	GlobalSection(ProjectConfigurationPlatforms) = postSolution
		{FCBFA88C-3CB1-4662-B3F2-4288A6BDC5DD}.Debug|Any CPU.ActiveCfg = Debug|Any CPU
		{FCBFA88C-3CB1-4662-B3F2-4288A6BDC5DD}.Debug|Any CPU.Build.0 = Debug|Any CPU
		{FCBFA88C-3CB1-4662-B3F2-4288A6BDC5DD}.Release|Any CPU.ActiveCfg = Release|Any CPU
		{FCBFA88C-3CB1-4662-B3F2-4288A6BDC5DD}.Release|Any CPU.Build.0 = Release|Any CPU
	EndGlobalSection
	GlobalSection(SolutionProperties) = preSolution
		HideSolutionNode = FALSE
	EndGlobalSection
EndGlobal
