
Microsoft Visual Studio Solution File, Format Version 11.00
# Visual Studio 2010
Project("{FAE04EC0-301F-11D3-BF4B-00C04F79EFBC}") = "MathGameOutline", "MathGameOutline\MathGameOutline.csproj", "{77B871D8-6467-4BED-B5A2-941F8862751B}"
EndProject
Global
	GlobalSection(SolutionConfigurationPlatforms) = preSolution
		Debug|Any CPU = Debug|Any CPU
		Release|Any CPU = Release|Any CPU
	EndGlobalSection
	GlobalSection(ProjectConfigurationPlatforms) = postSolution
		{77B871D8-6467-4BED-B5A2-941F8862751B}.Debug|Any CPU.ActiveCfg = Debug|Any CPU
		{77B871D8-6467-4BED-B5A2-941F8862751B}.Debug|Any CPU.Build.0 = Debug|Any CPU
		{77B871D8-6467-4BED-B5A2-941F8862751B}.Release|Any CPU.ActiveCfg = Release|Any CPU
		{77B871D8-6467-4BED-B5A2-941F8862751B}.Release|Any CPU.Build.0 = Release|Any CPU
	EndGlobalSection
	GlobalSection(SolutionProperties) = preSolution
		HideSolutionNode = FALSE
	EndGlobalSection
EndGlobal
