
Microsoft Visual Studio Solution File, Format Version 11.00
# Visual C# Express 2010
Project("{FAE04EC0-301F-11D3-BF4B-00C04F79EFBC}") = "Application3D", "Application3D\Application3D.csproj", "{EE060DB4-0045-4AB0-9F44-DC481ACF6588}"
EndProject
Global
	GlobalSection(SolutionConfigurationPlatforms) = preSolution
		Debug|Any CPU = Debug|Any CPU
		Release|Any CPU = Release|Any CPU
	EndGlobalSection
	GlobalSection(ProjectConfigurationPlatforms) = postSolution
		{EE060DB4-0045-4AB0-9F44-DC481ACF6588}.Debug|Any CPU.ActiveCfg = Debug|Any CPU
		{EE060DB4-0045-4AB0-9F44-DC481ACF6588}.Debug|Any CPU.Build.0 = Debug|Any CPU
		{EE060DB4-0045-4AB0-9F44-DC481ACF6588}.Release|Any CPU.ActiveCfg = Release|Any CPU
		{EE060DB4-0045-4AB0-9F44-DC481ACF6588}.Release|Any CPU.Build.0 = Release|Any CPU
	EndGlobalSection
	GlobalSection(SolutionProperties) = preSolution
		HideSolutionNode = FALSE
	EndGlobalSection
EndGlobal
