
Microsoft Visual Studio Solution File, Format Version 11.00
# Visual C# Express 2010
Project("{FAE04EC0-301F-11D3-BF4B-00C04F79EFBC}") = "Mystery", "Mystery\Mystery.csproj", "{C695D3F9-315F-4B6F-A880-1362F5ADFABC}"
EndProject
Global
	GlobalSection(SolutionConfigurationPlatforms) = preSolution
		Debug|Any CPU = Debug|Any CPU
		Release|Any CPU = Release|Any CPU
	EndGlobalSection
	GlobalSection(ProjectConfigurationPlatforms) = postSolution
		{C695D3F9-315F-4B6F-A880-1362F5ADFABC}.Debug|Any CPU.ActiveCfg = Debug|Any CPU
		{C695D3F9-315F-4B6F-A880-1362F5ADFABC}.Debug|Any CPU.Build.0 = Debug|Any CPU
		{C695D3F9-315F-4B6F-A880-1362F5ADFABC}.Release|Any CPU.ActiveCfg = Release|Any CPU
		{C695D3F9-315F-4B6F-A880-1362F5ADFABC}.Release|Any CPU.Build.0 = Release|Any CPU
	EndGlobalSection
	GlobalSection(SolutionProperties) = preSolution
		HideSolutionNode = FALSE
	EndGlobalSection
EndGlobal
