
Microsoft Visual Studio Solution File, Format Version 10.00
# Visual Studio 2008
Project("{FAE04EC0-301F-11D3-BF4B-00C04F79EFBC}") = "Chapter 10 Classes and Objects", "Chapter 10 Classes and Objects\Chapter 10 Classes and Objects.csproj", "{5640B55C-1C7B-4636-9F21-94EA0E1A90DF}"
EndProject
Global
	GlobalSection(SolutionConfigurationPlatforms) = preSolution
		Debug|Any CPU = Debug|Any CPU
		Release|Any CPU = Release|Any CPU
	EndGlobalSection
	GlobalSection(ProjectConfigurationPlatforms) = postSolution
		{5640B55C-1C7B-4636-9F21-94EA0E1A90DF}.Debug|Any CPU.ActiveCfg = Debug|Any CPU
		{5640B55C-1C7B-4636-9F21-94EA0E1A90DF}.Debug|Any CPU.Build.0 = Debug|Any CPU
		{5640B55C-1C7B-4636-9F21-94EA0E1A90DF}.Release|Any CPU.ActiveCfg = Release|Any CPU
		{5640B55C-1C7B-4636-9F21-94EA0E1A90DF}.Release|Any CPU.Build.0 = Release|Any CPU
	EndGlobalSection
	GlobalSection(SolutionProperties) = preSolution
		HideSolutionNode = FALSE
	EndGlobalSection
EndGlobal
