
Microsoft Visual Studio Solution File, Format Version 11.00
# Visual Studio 2010
Project("{FAE04EC0-301F-11D3-BF4B-00C04F79EFBC}") = "TicTacVisualElements", "TicTacVisualElements\TicTacVisualElements.csproj", "{2CAC9B3A-DBCA-4B8D-9F54-0B6D759C939C}"
EndProject
Global
	GlobalSection(SolutionConfigurationPlatforms) = preSolution
		Debug|Any CPU = Debug|Any CPU
		Release|Any CPU = Release|Any CPU
	EndGlobalSection
	GlobalSection(ProjectConfigurationPlatforms) = postSolution
		{2CAC9B3A-DBCA-4B8D-9F54-0B6D759C939C}.Debug|Any CPU.ActiveCfg = Debug|Any CPU
		{2CAC9B3A-DBCA-4B8D-9F54-0B6D759C939C}.Debug|Any CPU.Build.0 = Debug|Any CPU
		{2CAC9B3A-DBCA-4B8D-9F54-0B6D759C939C}.Release|Any CPU.ActiveCfg = Release|Any CPU
		{2CAC9B3A-DBCA-4B8D-9F54-0B6D759C939C}.Release|Any CPU.Build.0 = Release|Any CPU
	EndGlobalSection
	GlobalSection(SolutionProperties) = preSolution
		HideSolutionNode = FALSE
	EndGlobalSection
EndGlobal
