
Microsoft Visual Studio Solution File, Format Version 11.00
# Visual Studio 2010
Project("{FAE04EC0-301F-11D3-BF4B-00C04F79EFBC}") = "Chapter 21 DB Class Example", "Chapter 21 DB Class Example\Chapter 21 DB Class Example.csproj", "{213636C4-5FA4-4ECA-9606-B2BFFA982295}"
EndProject
Global
	GlobalSection(SolutionConfigurationPlatforms) = preSolution
		Debug|Any CPU = Debug|Any CPU
		Release|Any CPU = Release|Any CPU
	EndGlobalSection
	GlobalSection(ProjectConfigurationPlatforms) = postSolution
		{213636C4-5FA4-4ECA-9606-B2BFFA982295}.Debug|Any CPU.ActiveCfg = Debug|Any CPU
		{213636C4-5FA4-4ECA-9606-B2BFFA982295}.Debug|Any CPU.Build.0 = Debug|Any CPU
		{213636C4-5FA4-4ECA-9606-B2BFFA982295}.Release|Any CPU.ActiveCfg = Release|Any CPU
		{213636C4-5FA4-4ECA-9606-B2BFFA982295}.Release|Any CPU.Build.0 = Release|Any CPU
	EndGlobalSection
	GlobalSection(SolutionProperties) = preSolution
		HideSolutionNode = FALSE
	EndGlobalSection
EndGlobal
